
Microsoft Visual Studio Solution File, Format Version 12.00
# Visual Studio Version 17
VisualStudioVersion = 17.11.35431.28
MinimumVisualStudioVersion = 10.0.40219.1
Project("{9A19103F-16F7-4668-BE54-9A1E7A4F7556}") = "DemoReact", "DemoReact\DemoReact.csproj", "{D89D6D0B-C468-4037-AE12-06A86540A9F1}"
EndProject
Project("{E24C65DC-7377-472B-9ABA-BC803B73C61A}") = "erp", "..\erp\", "{7EBE8037-A5BA-470B-BBC7-1E6CCEC7E4E7}"
	ProjectSection(WebsiteProperties) = preProject
		TargetFrameworkMoniker = ".NETFramework,Version%3Dv4.8.1"
		Debug.AspNetCompiler.VirtualPath = "/localhost_60872"
		Debug.AspNetCompiler.PhysicalPath = "..\erp\"
		Debug.AspNetCompiler.TargetPath = "PrecompiledWeb\localhost_60872\"
		Debug.AspNetCompiler.Updateable = "true"
		Debug.AspNetCompiler.ForceOverwrite = "true"
		Debug.AspNetCompiler.FixedNames = "false"
		Debug.AspNetCompiler.Debug = "True"
		Release.AspNetCompiler.VirtualPath = "/localhost_60872"
		Release.AspNetCompiler.PhysicalPath = "..\erp\"
		Release.AspNetCompiler.TargetPath = "PrecompiledWeb\localhost_60872\"
		Release.AspNetCompiler.Updateable = "true"
		Release.AspNetCompiler.ForceOverwrite = "true"
		Release.AspNetCompiler.FixedNames = "false"
		Release.AspNetCompiler.Debug = "False"
		VWDPort = "60872"
		SlnRelativePath = "..\erp\"
	EndProjectSection
EndProject
Project("{2150E333-8FDC-42A3-9474-1A3956D46DE8}") = "ERP Project", "ERP Project", "{B4A03EFB-AB32-4925-A046-70EB948D1744}"
EndProject
Global
	GlobalSection(SolutionConfigurationPlatforms) = preSolution
		Debug|Any CPU = Debug|Any CPU
		Release|Any CPU = Release|Any CPU
	EndGlobalSection
	GlobalSection(ProjectConfigurationPlatforms) = postSolution
		{D89D6D0B-C468-4037-AE12-06A86540A9F1}.Debug|Any CPU.ActiveCfg = Debug|Any CPU
		{D89D6D0B-C468-4037-AE12-06A86540A9F1}.Debug|Any CPU.Build.0 = Debug|Any CPU
		{D89D6D0B-C468-4037-AE12-06A86540A9F1}.Release|Any CPU.ActiveCfg = Release|Any CPU
		{D89D6D0B-C468-4037-AE12-06A86540A9F1}.Release|Any CPU.Build.0 = Release|Any CPU
		{7EBE8037-A5BA-470B-BBC7-1E6CCEC7E4E7}.Debug|Any CPU.ActiveCfg = Debug|Any CPU
		{7EBE8037-A5BA-470B-BBC7-1E6CCEC7E4E7}.Debug|Any CPU.Build.0 = Debug|Any CPU
		{7EBE8037-A5BA-470B-BBC7-1E6CCEC7E4E7}.Release|Any CPU.ActiveCfg = Debug|Any CPU
		{7EBE8037-A5BA-470B-BBC7-1E6CCEC7E4E7}.Release|Any CPU.Build.0 = Debug|Any CPU
	EndGlobalSection
	GlobalSection(SolutionProperties) = preSolution
		HideSolutionNode = FALSE
	EndGlobalSection
	GlobalSection(NestedProjects) = preSolution
		{7EBE8037-A5BA-470B-BBC7-1E6CCEC7E4E7} = {B4A03EFB-AB32-4925-A046-70EB948D1744}
	EndGlobalSection
	GlobalSection(ExtensibilityGlobals) = postSolution
		SolutionGuid = {F6F26B7C-5ACF-460A-BC1E-DE8521AD837C}
	EndGlobalSection
EndGlobal
